
Microsoft Visual Studio Solution File, Format Version 12.00
# Visual Studio Version 16
VisualStudioVersion = 16.0.34931.43
MinimumVisualStudioVersion = 10.0.40219.1
Project("{9A19103F-16F7-4668-BE54-9A1E7A4F7556}") = "SaralInteractiveApi", "SaralInteractiveApi.csproj", "{5A144DA9-5816-46F5-877E-FEA2E2EA92DB}"
EndProject
Project("{9A19103F-16F7-4668-BE54-9A1E7A4F7556}") = "SaralInteractiveApiTest", "..\SaralInteractiveApiTest\SaralInteractiveApiTest.csproj", "{42AD4583-1A9F-4918-A018-18C7208968DD}"
EndProject
Project("{D954291E-2A0B-460D-934E-DC6B0785DB48}") = "SharedProjectTradeX", "..\SharedProjectTradeX\SharedProjectTradeX.shproj", "{7BA21967-0FBB-455E-96D0-AEBA3146512E}"
EndProject
Global
	GlobalSection(SharedMSBuildProjectFiles) = preSolution
		..\SharedProjectTradeX\SharedProjectTradeX.projitems*{5a144da9-5816-46f5-877e-fea2e2ea92db}*SharedItemsImports = 5
		..\SharedProjectTradeX\SharedProjectTradeX.projitems*{7ba21967-0fbb-455e-96d0-aeba3146512e}*SharedItemsImports = 13
	EndGlobalSection
	GlobalSection(SolutionConfigurationPlatforms) = preSolution
		Debug|Any CPU = Debug|Any CPU
		Release|Any CPU = Release|Any CPU
	EndGlobalSection
	GlobalSection(ProjectConfigurationPlatforms) = postSolution
		{5A144DA9-5816-46F5-877E-FEA2E2EA92DB}.Debug|Any CPU.ActiveCfg = Debug|Any CPU
		{5A144DA9-5816-46F5-877E-FEA2E2EA92DB}.Debug|Any CPU.Build.0 = Debug|Any CPU
		{5A144DA9-5816-46F5-877E-FEA2E2EA92DB}.Release|Any CPU.ActiveCfg = Release|Any CPU
		{5A144DA9-5816-46F5-877E-FEA2E2EA92DB}.Release|Any CPU.Build.0 = Release|Any CPU
		{42AD4583-1A9F-4918-A018-18C7208968DD}.Debug|Any CPU.ActiveCfg = Debug|Any CPU
		{42AD4583-1A9F-4918-A018-18C7208968DD}.Debug|Any CPU.Build.0 = Debug|Any CPU
		{42AD4583-1A9F-4918-A018-18C7208968DD}.Release|Any CPU.ActiveCfg = Release|Any CPU
		{42AD4583-1A9F-4918-A018-18C7208968DD}.Release|Any CPU.Build.0 = Release|Any CPU
	EndGlobalSection
	GlobalSection(SolutionProperties) = preSolution
		HideSolutionNode = FALSE
	EndGlobalSection
	GlobalSection(ExtensibilityGlobals) = postSolution
		SolutionGuid = {576AD6FA-D6D0-4BE6-A0DA-2B818DA7608C}
	EndGlobalSection
EndGlobal
